
Microsoft Visual Studio Solution File, Format Version 12.00
# Visual Studio 15
Project("{FAE04EC0-301F-11D3-BF4B-00C04F79EFBC}") = "ProyectodeCurso", "ProyectodeCurso.csproj", "{2BE60E59-B204-438F-B1BF-0D6CC36A65BB}"
EndProject
Global
	GlobalSection(SolutionConfigurationPlatforms) = preSolution
		Debug|anycpu = Debug|anycpu
		Release|anycpu = Release|anycpu
	EndGlobalSection
	GlobalSection(ProjectConfigurationPlatforms) = postSolution
		{2BE60E59-B204-438F-B1BF-0D6CC36A65BB}.Debug|anycpu.ActiveCfg = Debug|anycpu
		{2BE60E59-B204-438F-B1BF-0D6CC36A65BB}.Debug|anycpu.Build.0 = Debug|anycpu
		{2BE60E59-B204-438F-B1BF-0D6CC36A65BB}.Release|anycpu.ActiveCfg = Release|anycpu
		{2BE60E59-B204-438F-B1BF-0D6CC36A65BB}.Release|anycpu.Build.0 = Release|anycpu
	EndGlobalSection
EndGlobal
