
Microsoft Visual Studio Solution File, Format Version 12.00
# Visual Studio Version 16
VisualStudioVersion = 16.0.30114.105
MinimumVisualStudioVersion = 10.0.40219.1
Project("{FAE04EC0-301F-11D3-BF4B-00C04F79EFBC}") = "E3POO", "E3POO\E3POO.csproj", "{7629D8E7-EC58-47C9-936F-0E9793A4F818}"
EndProject
Global
	GlobalSection(SolutionConfigurationPlatforms) = preSolution
		Debug|Any CPU = Debug|Any CPU
		Release|Any CPU = Release|Any CPU
	EndGlobalSection
	GlobalSection(ProjectConfigurationPlatforms) = postSolution
		{7629D8E7-EC58-47C9-936F-0E9793A4F818}.Debug|Any CPU.ActiveCfg = Debug|Any CPU
		{7629D8E7-EC58-47C9-936F-0E9793A4F818}.Debug|Any CPU.Build.0 = Debug|Any CPU
		{7629D8E7-EC58-47C9-936F-0E9793A4F818}.Release|Any CPU.ActiveCfg = Release|Any CPU
		{7629D8E7-EC58-47C9-936F-0E9793A4F818}.Release|Any CPU.Build.0 = Release|Any CPU
	EndGlobalSection
	GlobalSection(SolutionProperties) = preSolution
		HideSolutionNode = FALSE
	EndGlobalSection
	GlobalSection(ExtensibilityGlobals) = postSolution
		SolutionGuid = {147DFA8B-7027-43B6-9531-65916F719215}
	EndGlobalSection
EndGlobal
